
Microsoft Visual Studio Solution File, Format Version 12.00
# Visual Studio Version 16
VisualStudioVersion = 16.6.30114.105
MinimumVisualStudioVersion = 10.0.40219.1
Project("{FAE04EC0-301F-11D3-BF4B-00C04F79EFBC}") = "Chip8", "Chip8\Chip8.csproj", "{953E21E1-6C45-4EF7-A7AB-6F8D9ABD543F}"
EndProject
Project("{FAE04EC0-301F-11D3-BF4B-00C04F79EFBC}") = "Chip8.Tests", "Chip8.Tests\Chip8.Tests.csproj", "{AC8F7108-6EAE-4EC0-8165-F5EBD54BD46D}"
EndProject
Global
	GlobalSection(SolutionConfigurationPlatforms) = preSolution
		Debug|Any CPU = Debug|Any CPU
		Debug|x64 = Debug|x64
		Debug|x86 = Debug|x86
		Release|Any CPU = Release|Any CPU
		Release|x64 = Release|x64
		Release|x86 = Release|x86
	EndGlobalSection
	GlobalSection(SolutionProperties) = preSolution
		HideSolutionNode = FALSE
	EndGlobalSection
	GlobalSection(ProjectConfigurationPlatforms) = postSolution
		{953E21E1-6C45-4EF7-A7AB-6F8D9ABD543F}.Debug|Any CPU.ActiveCfg = Debug|Any CPU
		{953E21E1-6C45-4EF7-A7AB-6F8D9ABD543F}.Debug|Any CPU.Build.0 = Debug|Any CPU
		{953E21E1-6C45-4EF7-A7AB-6F8D9ABD543F}.Debug|x64.ActiveCfg = Debug|Any CPU
		{953E21E1-6C45-4EF7-A7AB-6F8D9ABD543F}.Debug|x64.Build.0 = Debug|Any CPU
		{953E21E1-6C45-4EF7-A7AB-6F8D9ABD543F}.Debug|x86.ActiveCfg = Debug|Any CPU
		{953E21E1-6C45-4EF7-A7AB-6F8D9ABD543F}.Debug|x86.Build.0 = Debug|Any CPU
		{953E21E1-6C45-4EF7-A7AB-6F8D9ABD543F}.Release|Any CPU.ActiveCfg = Release|Any CPU
		{953E21E1-6C45-4EF7-A7AB-6F8D9ABD543F}.Release|Any CPU.Build.0 = Release|Any CPU
		{953E21E1-6C45-4EF7-A7AB-6F8D9ABD543F}.Release|x64.ActiveCfg = Release|Any CPU
		{953E21E1-6C45-4EF7-A7AB-6F8D9ABD543F}.Release|x64.Build.0 = Release|Any CPU
		{953E21E1-6C45-4EF7-A7AB-6F8D9ABD543F}.Release|x86.ActiveCfg = Release|Any CPU
		{953E21E1-6C45-4EF7-A7AB-6F8D9ABD543F}.Release|x86.Build.0 = Release|Any CPU
		{AC8F7108-6EAE-4EC0-8165-F5EBD54BD46D}.Debug|Any CPU.ActiveCfg = Debug|Any CPU
		{AC8F7108-6EAE-4EC0-8165-F5EBD54BD46D}.Debug|Any CPU.Build.0 = Debug|Any CPU
		{AC8F7108-6EAE-4EC0-8165-F5EBD54BD46D}.Debug|x64.ActiveCfg = Debug|Any CPU
		{AC8F7108-6EAE-4EC0-8165-F5EBD54BD46D}.Debug|x64.Build.0 = Debug|Any CPU
		{AC8F7108-6EAE-4EC0-8165-F5EBD54BD46D}.Debug|x86.ActiveCfg = Debug|Any CPU
		{AC8F7108-6EAE-4EC0-8165-F5EBD54BD46D}.Debug|x86.Build.0 = Debug|Any CPU
		{AC8F7108-6EAE-4EC0-8165-F5EBD54BD46D}.Release|Any CPU.ActiveCfg = Release|Any CPU
		{AC8F7108-6EAE-4EC0-8165-F5EBD54BD46D}.Release|Any CPU.Build.0 = Release|Any CPU
		{AC8F7108-6EAE-4EC0-8165-F5EBD54BD46D}.Release|x64.ActiveCfg = Release|Any CPU
		{AC8F7108-6EAE-4EC0-8165-F5EBD54BD46D}.Release|x64.Build.0 = Release|Any CPU
		{AC8F7108-6EAE-4EC0-8165-F5EBD54BD46D}.Release|x86.ActiveCfg = Release|Any CPU
		{AC8F7108-6EAE-4EC0-8165-F5EBD54BD46D}.Release|x86.Build.0 = Release|Any CPU
	EndGlobalSection
EndGlobal
